
Microsoft Visual Studio Solution File, Format Version 12.00
# Visual Studio Version 16
VisualStudioVersion = 16.0.29326.143
MinimumVisualStudioVersion = 10.0.40219.1
Project("{FAE04EC0-301F-11D3-BF4B-00C04F79EFBC}") = "European roulette v2.0", "European roulette v2.0\European roulette v2.0.csproj", "{2F951A0D-244A-4617-8BD8-28FBB727DE50}"
EndProject
Global
	GlobalSection(SolutionConfigurationPlatforms) = preSolution
		Debug|Any CPU = Debug|Any CPU
		Release|Any CPU = Release|Any CPU
	EndGlobalSection
	GlobalSection(ProjectConfigurationPlatforms) = postSolution
		{2F951A0D-244A-4617-8BD8-28FBB727DE50}.Debug|Any CPU.ActiveCfg = Debug|Any CPU
		{2F951A0D-244A-4617-8BD8-28FBB727DE50}.Debug|Any CPU.Build.0 = Debug|Any CPU
		{2F951A0D-244A-4617-8BD8-28FBB727DE50}.Release|Any CPU.ActiveCfg = Release|Any CPU
		{2F951A0D-244A-4617-8BD8-28FBB727DE50}.Release|Any CPU.Build.0 = Release|Any CPU
	EndGlobalSection
	GlobalSection(SolutionProperties) = preSolution
		HideSolutionNode = FALSE
	EndGlobalSection
	GlobalSection(ExtensibilityGlobals) = postSolution
		SolutionGuid = {20655808-4EDE-4EAB-A4D5-943CD25AFE01}
	EndGlobalSection
EndGlobal
